
Microsoft Visual Studio Solution File, Format Version 12.00
# Visual Studio Version 16
VisualStudioVersion = 16.0.30503.244
MinimumVisualStudioVersion = 10.0.40219.1
Project("{FAE04EC0-301F-11D3-BF4B-00C04F79EFBC}") = "Subject", "Subject\Subject.csproj", "{9F5B3164-FBF2-4F15-8C03-A4C017020D5E}"
EndProject
Global
	GlobalSection(SolutionConfigurationPlatforms) = preSolution
		Debug|Any CPU = Debug|Any CPU
		Release|Any CPU = Release|Any CPU
	EndGlobalSection
	GlobalSection(ProjectConfigurationPlatforms) = postSolution
		{9F5B3164-FBF2-4F15-8C03-A4C017020D5E}.Debug|Any CPU.ActiveCfg = Debug|Any CPU
		{9F5B3164-FBF2-4F15-8C03-A4C017020D5E}.Debug|Any CPU.Build.0 = Debug|Any CPU
		{9F5B3164-FBF2-4F15-8C03-A4C017020D5E}.Release|Any CPU.ActiveCfg = Release|Any CPU
		{9F5B3164-FBF2-4F15-8C03-A4C017020D5E}.Release|Any CPU.Build.0 = Release|Any CPU
	EndGlobalSection
	GlobalSection(SolutionProperties) = preSolution
		HideSolutionNode = FALSE
	EndGlobalSection
	GlobalSection(ExtensibilityGlobals) = postSolution
		SolutionGuid = {92AEA38B-D580-4B2A-B883-A138DD09444B}
	EndGlobalSection
EndGlobal
